
Microsoft Visual Studio Solution File, Format Version 12.00
# Visual Studio 2017
Project("{FAE04EC0-301F-11D3-BF4B-00C04F79EFBC}") = "master.Plugins", "master.Plugins.csproj", "{95CBE893-BD80-7A80-DE31-2E8888A50A6F}"
EndProject
Project("{FAE04EC0-301F-11D3-BF4B-00C04F79EFBC}") = "master", "master.csproj", "{E2CA2AB9-E787-D0D9-B733-5738AA72DEA5}"
EndProject
Project("{FAE04EC0-301F-11D3-BF4B-00C04F79EFBC}") = "master.Editor.Plugins", "master.Editor.Plugins.csproj", "{9021A1F7-C471-BD4D-68FC-B984FF72D13C}"
EndProject
Project("{FAE04EC0-301F-11D3-BF4B-00C04F79EFBC}") = "master.Editor", "master.Editor.csproj", "{327885B7-4076-9312-81E7-C188E3C74896}"
EndProject
Global
	GlobalSection(SolutionConfigurationPlatforms) = preSolution
		Debug|Any CPU = Debug|Any CPU
		Release|Any CPU = Release|Any CPU
	EndGlobalSection
	GlobalSection(ProjectConfigurationPlatforms) = postSolution
		{95CBE893-BD80-7A80-DE31-2E8888A50A6F}.Debug|Any CPU.ActiveCfg = Debug|Any CPU
		{95CBE893-BD80-7A80-DE31-2E8888A50A6F}.Debug|Any CPU.Build.0 = Debug|Any CPU
		{95CBE893-BD80-7A80-DE31-2E8888A50A6F}.Release|Any CPU.ActiveCfg = Release|Any CPU
		{95CBE893-BD80-7A80-DE31-2E8888A50A6F}.Release|Any CPU.Build.0 = Release|Any CPU
		{E2CA2AB9-E787-D0D9-B733-5738AA72DEA5}.Debug|Any CPU.ActiveCfg = Debug|Any CPU
		{E2CA2AB9-E787-D0D9-B733-5738AA72DEA5}.Debug|Any CPU.Build.0 = Debug|Any CPU
		{E2CA2AB9-E787-D0D9-B733-5738AA72DEA5}.Release|Any CPU.ActiveCfg = Release|Any CPU
		{E2CA2AB9-E787-D0D9-B733-5738AA72DEA5}.Release|Any CPU.Build.0 = Release|Any CPU
		{9021A1F7-C471-BD4D-68FC-B984FF72D13C}.Debug|Any CPU.ActiveCfg = Debug|Any CPU
		{9021A1F7-C471-BD4D-68FC-B984FF72D13C}.Debug|Any CPU.Build.0 = Debug|Any CPU
		{9021A1F7-C471-BD4D-68FC-B984FF72D13C}.Release|Any CPU.ActiveCfg = Release|Any CPU
		{9021A1F7-C471-BD4D-68FC-B984FF72D13C}.Release|Any CPU.Build.0 = Release|Any CPU
		{327885B7-4076-9312-81E7-C188E3C74896}.Debug|Any CPU.ActiveCfg = Debug|Any CPU
		{327885B7-4076-9312-81E7-C188E3C74896}.Debug|Any CPU.Build.0 = Debug|Any CPU
		{327885B7-4076-9312-81E7-C188E3C74896}.Release|Any CPU.ActiveCfg = Release|Any CPU
		{327885B7-4076-9312-81E7-C188E3C74896}.Release|Any CPU.Build.0 = Release|Any CPU
	EndGlobalSection
	GlobalSection(SolutionProperties) = preSolution
		HideSolutionNode = FALSE
	EndGlobalSection
EndGlobal
